# This file is automatically @generated by Cargo.
# It is not intended for manual editing.
version = 3

[[package]]
name = "aoc"
version = "0.1.0"
source = "git+http://github.com/BartMassey/libaoc.git#2344ab66772abf09fe0ffd060f7e563c8e565076"

[[package]]
name = "day01"
version = "0.1.0"
dependencies = [
 "aoc",
]
